// !$*UTF8*$!
{
	archiveVersion = 1;
	classes = {
	};
	objectVersion = 46;
	objects = {

/* Begin PBXBuildFile section */
		07641DF21CED1370004EB176 /* KidCheckInOutController.swift in Sources */ = {isa = PBXBuildFile; fileRef = 07641DF11CED1370004EB176 /* KidCheckInOutController.swift */; };
		0770148F1CF090D40018E2CA /* checkedin.png in Resources */ = {isa = PBXBuildFile; fileRef = 0770148E1CF090D40018E2CA /* checkedin.png */; };
		077014911CF09D050018E2CA /* checkedout.png in Resources */ = {isa = PBXBuildFile; fileRef = 077014901CF09D050018E2CA /* checkedout.png */; };
		077014931CF09E240018E2CA /* checkedoutround.png in Resources */ = {isa = PBXBuildFile; fileRef = 077014921CF09E240018E2CA /* checkedoutround.png */; };
		0770149A1CF0B36B0018E2CA /* female-placeholder.png in Resources */ = {isa = PBXBuildFile; fileRef = 077014941CF0B36B0018E2CA /* female-placeholder.png */; };
		0770149C1CF0B36B0018E2CA /* male-placeholder.png in Resources */ = {isa = PBXBuildFile; fileRef = 077014961CF0B36B0018E2CA /* male-placeholder.png */; };
		0770149E1CF0B36B0018E2CA /* othercheck.png in Resources */ = {isa = PBXBuildFile; fileRef = 077014981CF0B36B0018E2CA /* othercheck.png */; };
		0770149F1CF0B36B0018E2CA /* othercheckchecked.png in Resources */ = {isa = PBXBuildFile; fileRef = 077014991CF0B36B0018E2CA /* othercheckchecked.png */; };
		077014A11CF0BA120018E2CA /* female-placeholderchecked.png in Resources */ = {isa = PBXBuildFile; fileRef = 077014A01CF0BA120018E2CA /* female-placeholderchecked.png */; };
		077014A31CF0BC1D0018E2CA /* male-placeholderchecked.png in Resources */ = {isa = PBXBuildFile; fileRef = 077014A21CF0BC1D0018E2CA /* male-placeholderchecked.png */; };
		077014A51CF0C4E70018E2CA /* OtherCheckRelativeViewController.swift in Sources */ = {isa = PBXBuildFile; fileRef = 077014A41CF0C4E70018E2CA /* OtherCheckRelativeViewController.swift */; };
		077014A71CF25A3A0018E2CA /* MobileCoreServices.framework in Frameworks */ = {isa = PBXBuildFile; fileRef = 077014A61CF25A3A0018E2CA /* MobileCoreServices.framework */; };
		077014A91CF3B7DA0018E2CA /* ExportManager.swift in Sources */ = {isa = PBXBuildFile; fileRef = 077014A81CF3B7DA0018E2CA /* ExportManager.swift */; };
		077014AB1CF3B8BA0018E2CA /* DMReport.swift in Sources */ = {isa = PBXBuildFile; fileRef = 077014AA1CF3B8BA0018E2CA /* DMReport.swift */; };
		07BA1CF61CE7C79C00A92C4B /* NotoSans-Bold.ttf in Resources */ = {isa = PBXBuildFile; fileRef = 07BA1CF21CE7C79C00A92C4B /* NotoSans-Bold.ttf */; };
		07BA1CF71CE7C79C00A92C4B /* NotoSans-BoldItalic.ttf in Resources */ = {isa = PBXBuildFile; fileRef = 07BA1CF31CE7C79C00A92C4B /* NotoSans-BoldItalic.ttf */; };
		07BA1CF81CE7C79C00A92C4B /* NotoSans-Italic.ttf in Resources */ = {isa = PBXBuildFile; fileRef = 07BA1CF41CE7C79C00A92C4B /* NotoSans-Italic.ttf */; };
		07BA1CF91CE7C79C00A92C4B /* NotoSans-Regular.ttf in Resources */ = {isa = PBXBuildFile; fileRef = 07BA1CF51CE7C79C00A92C4B /* NotoSans-Regular.ttf */; };
		07BA1D001CE7C9F000A92C4B /* fb-icon.png in Resources */ = {isa = PBXBuildFile; fileRef = 07BA1CFA1CE7C9F000A92C4B /* fb-icon.png */; };
		07BA1D011CE7C9F000A92C4B /* logocomplete.png in Resources */ = {isa = PBXBuildFile; fileRef = 07BA1CFB1CE7C9F000A92C4B /* logocomplete.png */; };
		07BA1D021CE7C9F000A92C4B /* logosingle.png in Resources */ = {isa = PBXBuildFile; fileRef = 07BA1CFC1CE7C9F000A92C4B /* logosingle.png */; };
		07BA1D031CE7C9F000A92C4B /* placeholder-user.png in Resources */ = {isa = PBXBuildFile; fileRef = 07BA1CFD1CE7C9F000A92C4B /* placeholder-user.png */; };
		07BA1D041CE7C9F000A92C4B /* thumbsUpE.png in Resources */ = {isa = PBXBuildFile; fileRef = 07BA1CFE1CE7C9F000A92C4B /* thumbsUpE.png */; };
		07BA1D051CE7C9F000A92C4B /* thumbsUpF.png in Resources */ = {isa = PBXBuildFile; fileRef = 07BA1CFF1CE7C9F000A92C4B /* thumbsUpF.png */; };
		07BA1D071CE7CE6B00A92C4B /* LoginViewController.swift in Sources */ = {isa = PBXBuildFile; fileRef = 07BA1D061CE7CE6B00A92C4B /* LoginViewController.swift */; };
		07BA1D091CE7EE6100A92C4B /* MaterialView.swift in Sources */ = {isa = PBXBuildFile; fileRef = 07BA1D081CE7EE6100A92C4B /* MaterialView.swift */; };
		07BA1D0E1CE7F6C900A92C4B /* Constants.swift in Sources */ = {isa = PBXBuildFile; fileRef = 07BA1D0D1CE7F6C900A92C4B /* Constants.swift */; };
		07BA1D101CE806AC00A92C4B /* MaterialButton.swift in Sources */ = {isa = PBXBuildFile; fileRef = 07BA1D0F1CE806AC00A92C4B /* MaterialButton.swift */; };
		07BA1D121CE80B7A00A92C4B /* MaterialTextField.swift in Sources */ = {isa = PBXBuildFile; fileRef = 07BA1D111CE80B7A00A92C4B /* MaterialTextField.swift */; };
		07BA1D171CE838E700A92C4B /* FBSDKLoginKit.framework in Frameworks */ = {isa = PBXBuildFile; fileRef = 07BA1D141CE838E700A92C4B /* FBSDKLoginKit.framework */; };
		07BA1D181CE838E700A92C4B /* Bolts.framework in Frameworks */ = {isa = PBXBuildFile; fileRef = 07BA1D151CE838E700A92C4B /* Bolts.framework */; };
		07BA1D191CE838E700A92C4B /* FBSDKCoreKit.framework in Frameworks */ = {isa = PBXBuildFile; fileRef = 07BA1D161CE838E700A92C4B /* FBSDKCoreKit.framework */; };
		07BA1D2B1CE87B9800A92C4B /* Firebase.framework in Frameworks */ = {isa = PBXBuildFile; fileRef = 07BA1D2A1CE87B9800A92C4B /* Firebase.framework */; };
		07BA1D2D1CE87C1100A92C4B /* libc++.tbd in Frameworks */ = {isa = PBXBuildFile; fileRef = 07BA1D2C1CE87C1100A92C4B /* libc++.tbd */; };
		07BA1D2F1CE87C1F00A92C4B /* libicucore.tbd in Frameworks */ = {isa = PBXBuildFile; fileRef = 07BA1D2E1CE87C1F00A92C4B /* libicucore.tbd */; };
		07BA1D311CE87C2B00A92C4B /* CFNetwork.framework in Frameworks */ = {isa = PBXBuildFile; fileRef = 07BA1D301CE87C2B00A92C4B /* CFNetwork.framework */; };
		07BA1D331CE87C3600A92C4B /* Security.framework in Frameworks */ = {isa = PBXBuildFile; fileRef = 07BA1D321CE87C3600A92C4B /* Security.framework */; };
		07BA1D351CE87C4000A92C4B /* SystemConfiguration.framework in Frameworks */ = {isa = PBXBuildFile; fileRef = 07BA1D341CE87C4000A92C4B /* SystemConfiguration.framework */; };
		07BA1D381CE87C9B00A92C4B /* DataService.swift in Sources */ = {isa = PBXBuildFile; fileRef = 07BA1D371CE87C9B00A92C4B /* DataService.swift */; };
		07BA1D3A1CEA806400A92C4B /* AddKidViewController.swift in Sources */ = {isa = PBXBuildFile; fileRef = 07BA1D391CEA806400A92C4B /* AddKidViewController.swift */; };
		07BA1D3E1CEAF02E00A92C4B /* KidCell.swift in Sources */ = {isa = PBXBuildFile; fileRef = 07BA1D3D1CEAF02E00A92C4B /* KidCell.swift */; };
		07BA1D401CEAF36900A92C4B /* KidCollectionViewController.swift in Sources */ = {isa = PBXBuildFile; fileRef = 07BA1D3F1CEAF36900A92C4B /* KidCollectionViewController.swift */; };
		07BA1D421CEAFC2A00A92C4B /* DMKid.swift in Sources */ = {isa = PBXBuildFile; fileRef = 07BA1D411CEAFC2A00A92C4B /* DMKid.swift */; };
		07BBFF511CE6AE5600A2AAEE /* AppDelegate.swift in Sources */ = {isa = PBXBuildFile; fileRef = 07BBFF501CE6AE5600A2AAEE /* AppDelegate.swift */; };
		07BBFF531CE6AE5600A2AAEE /* ViewController.swift in Sources */ = {isa = PBXBuildFile; fileRef = 07BBFF521CE6AE5600A2AAEE /* ViewController.swift */; };
		07BBFF561CE6AE5600A2AAEE /* Main.storyboard in Resources */ = {isa = PBXBuildFile; fileRef = 07BBFF541CE6AE5600A2AAEE /* Main.storyboard */; };
		07BBFF581CE6AE5600A2AAEE /* Assets.xcassets in Resources */ = {isa = PBXBuildFile; fileRef = 07BBFF571CE6AE5600A2AAEE /* Assets.xcassets */; };
		07BBFF5B1CE6AE5600A2AAEE /* LaunchScreen.storyboard in Resources */ = {isa = PBXBuildFile; fileRef = 07BBFF591CE6AE5600A2AAEE /* LaunchScreen.storyboard */; };
		07BBFF681CE6C7E000A2AAEE /* DaycareManager.xcdatamodeld in Sources */ = {isa = PBXBuildFile; fileRef = 07BBFF661CE6C7E000A2AAEE /* DaycareManager.xcdatamodeld */; };
		07BBFF6A1CE6C81E00A2AAEE /* CoreData.framework in Frameworks */ = {isa = PBXBuildFile; fileRef = 07BBFF691CE6C81E00A2AAEE /* CoreData.framework */; };
		07BBFF781CE6CFDD00A2AAEE /* Kid+CoreDataProperties.swift in Sources */ = {isa = PBXBuildFile; fileRef = 07BBFF741CE6CFDD00A2AAEE /* Kid+CoreDataProperties.swift */; };
		07BBFF791CE6CFDD00A2AAEE /* Kid.swift in Sources */ = {isa = PBXBuildFile; fileRef = 07BBFF751CE6CFDD00A2AAEE /* Kid.swift */; };
		07BBFF7A1CE6CFDD00A2AAEE /* Parent+CoreDataProperties.swift in Sources */ = {isa = PBXBuildFile; fileRef = 07BBFF761CE6CFDD00A2AAEE /* Parent+CoreDataProperties.swift */; };
		07BBFF7B1CE6CFDD00A2AAEE /* Parent.swift in Sources */ = {isa = PBXBuildFile; fileRef = 07BBFF771CE6CFDD00A2AAEE /* Parent.swift */; };
		07BBFF841CE6E96E00A2AAEE /* DMRecord.m in Sources */ = {isa = PBXBuildFile; fileRef = 07BBFF831CE6E96E00A2AAEE /* DMRecord.m */; };
		0EEF3F849228D5275D69570A /* libPods-DaycareManager.a in Frameworks */ = {isa = PBXBuildFile; fileRef = D8219F72C26384A2ABBFCEEA /* libPods-DaycareManager.a */; };
/* End PBXBuildFile section */

/* Begin PBXFileReference section */
		07641DF11CED1370004EB176 /* KidCheckInOutController.swift */ = {isa = PBXFileReference; fileEncoding = 4; lastKnownFileType = sourcecode.swift; path = KidCheckInOutController.swift; sourceTree = "<group>"; };
		0770148E1CF090D40018E2CA /* checkedin.png */ = {isa = PBXFileReference; lastKnownFileType = image.png; path = checkedin.png; sourceTree = "<group>"; };
		077014901CF09D050018E2CA /* checkedout.png */ = {isa = PBXFileReference; lastKnownFileType = image.png; path = checkedout.png; sourceTree = "<group>"; };
		077014921CF09E240018E2CA /* checkedoutround.png */ = {isa = PBXFileReference; lastKnownFileType = image.png; path = checkedoutround.png; sourceTree = "<group>"; };
		077014941CF0B36B0018E2CA /* female-placeholder.png */ = {isa = PBXFileReference; lastKnownFileType = image.png; path = "female-placeholder.png"; sourceTree = "<group>"; };
		077014961CF0B36B0018E2CA /* male-placeholder.png */ = {isa = PBXFileReference; lastKnownFileType = image.png; path = "male-placeholder.png"; sourceTree = "<group>"; };
		077014981CF0B36B0018E2CA /* othercheck.png */ = {isa = PBXFileReference; lastKnownFileType = image.png; path = othercheck.png; sourceTree = "<group>"; };
		077014991CF0B36B0018E2CA /* othercheckchecked.png */ = {isa = PBXFileReference; lastKnownFileType = image.png; path = othercheckchecked.png; sourceTree = "<group>"; };
		077014A01CF0BA120018E2CA /* female-placeholderchecked.png */ = {isa = PBXFileReference; lastKnownFileType = image.png; path = "female-placeholderchecked.png"; sourceTree = "<group>"; };
		077014A21CF0BC1D0018E2CA /* male-placeholderchecked.png */ = {isa = PBXFileReference; lastKnownFileType = image.png; path = "male-placeholderchecked.png"; sourceTree = "<group>"; };
		077014A41CF0C4E70018E2CA /* OtherCheckRelativeViewController.swift */ = {isa = PBXFileReference; fileEncoding = 4; lastKnownFileType = sourcecode.swift; path = OtherCheckRelativeViewController.swift; sourceTree = "<group>"; };
		077014A61CF25A3A0018E2CA /* MobileCoreServices.framework */ = {isa = PBXFileReference; lastKnownFileType = wrapper.framework; name = MobileCoreServices.framework; path = System/Library/Frameworks/MobileCoreServices.framework; sourceTree = SDKROOT; };
		077014A81CF3B7DA0018E2CA /* ExportManager.swift */ = {isa = PBXFileReference; fileEncoding = 4; lastKnownFileType = sourcecode.swift; path = ExportManager.swift; sourceTree = "<group>"; };
		077014AA1CF3B8BA0018E2CA /* DMReport.swift */ = {isa = PBXFileReference; fileEncoding = 4; lastKnownFileType = sourcecode.swift; path = DMReport.swift; sourceTree = "<group>"; };
		07BA1CF21CE7C79C00A92C4B /* NotoSans-Bold.ttf */ = {isa = PBXFileReference; lastKnownFileType = file; path = "NotoSans-Bold.ttf"; sourceTree = "<group>"; };
		07BA1CF31CE7C79C00A92C4B /* NotoSans-BoldItalic.ttf */ = {isa = PBXFileReference; lastKnownFileType = file; path = "NotoSans-BoldItalic.ttf"; sourceTree = "<group>"; };
		07BA1CF41CE7C79C00A92C4B /* NotoSans-Italic.ttf */ = {isa = PBXFileReference; lastKnownFileType = file; path = "NotoSans-Italic.ttf"; sourceTree = "<group>"; };
		07BA1CF51CE7C79C00A92C4B /* NotoSans-Regular.ttf */ = {isa = PBXFileReference; lastKnownFileType = file; path = "NotoSans-Regular.ttf"; sourceTree = "<group>"; };
		07BA1CFA1CE7C9F000A92C4B /* fb-icon.png */ = {isa = PBXFileReference; lastKnownFileType = image.png; path = "fb-icon.png"; sourceTree = "<group>"; };
		07BA1CFB1CE7C9F000A92C4B /* logocomplete.png */ = {isa = PBXFileReference; lastKnownFileType = image.png; path = logocomplete.png; sourceTree = "<group>"; };
		07BA1CFC1CE7C9F000A92C4B /* logosingle.png */ = {isa = PBXFileReference; lastKnownFileType = image.png; path = logosingle.png; sourceTree = "<group>"; };
		07BA1CFD1CE7C9F000A92C4B /* placeholder-user.png */ = {isa = PBXFileReference; lastKnownFileType = image.png; path = "placeholder-user.png"; sourceTree = "<group>"; };
		07BA1CFE1CE7C9F000A92C4B /* thumbsUpE.png */ = {isa = PBXFileReference; lastKnownFileType = image.png; path = thumbsUpE.png; sourceTree = "<group>"; };
		07BA1CFF1CE7C9F000A92C4B /* thumbsUpF.png */ = {isa = PBXFileReference; lastKnownFileType = image.png; path = thumbsUpF.png; sourceTree = "<group>"; };
		07BA1D061CE7CE6B00A92C4B /* LoginViewController.swift */ = {isa = PBXFileReference; fileEncoding = 4; lastKnownFileType = sourcecode.swift; path = LoginViewController.swift; sourceTree = "<group>"; };
		07BA1D081CE7EE6100A92C4B /* MaterialView.swift */ = {isa = PBXFileReference; fileEncoding = 4; lastKnownFileType = sourcecode.swift; path = MaterialView.swift; sourceTree = "<group>"; };
		07BA1D0D1CE7F6C900A92C4B /* Constants.swift */ = {isa = PBXFileReference; fileEncoding = 4; lastKnownFileType = sourcecode.swift; path = Constants.swift; sourceTree = "<group>"; };
		07BA1D0F1CE806AC00A92C4B /* MaterialButton.swift */ = {isa = PBXFileReference; fileEncoding = 4; lastKnownFileType = sourcecode.swift; path = MaterialButton.swift; sourceTree = "<group>"; };
		07BA1D111CE80B7A00A92C4B /* MaterialTextField.swift */ = {isa = PBXFileReference; fileEncoding = 4; lastKnownFileType = sourcecode.swift; path = MaterialTextField.swift; sourceTree = "<group>"; };
		07BA1D141CE838E700A92C4B /* FBSDKLoginKit.framework */ = {isa = PBXFileReference; lastKnownFileType = wrapper.framework; path = FBSDKLoginKit.framework; sourceTree = "<group>"; };
		07BA1D151CE838E700A92C4B /* Bolts.framework */ = {isa = PBXFileReference; lastKnownFileType = wrapper.framework; path = Bolts.framework; sourceTree = "<group>"; };
		07BA1D161CE838E700A92C4B /* FBSDKCoreKit.framework */ = {isa = PBXFileReference; lastKnownFileType = wrapper.framework; path = FBSDKCoreKit.framework; sourceTree = "<group>"; };
		07BA1D291CE8796C00A92C4B /* DaycareManager-Bridging-Header.h */ = {isa = PBXFileReference; fileEncoding = 4; lastKnownFileType = sourcecode.c.h; path = "DaycareManager-Bridging-Header.h"; sourceTree = "<group>"; };
		07BA1D2A1CE87B9800A92C4B /* Firebase.framework */ = {isa = PBXFileReference; lastKnownFileType = wrapper.framework; path = Firebase.framework; sourceTree = "<group>"; };
		07BA1D2C1CE87C1100A92C4B /* libc++.tbd */ = {isa = PBXFileReference; lastKnownFileType = "sourcecode.text-based-dylib-definition"; name = "libc++.tbd"; path = "usr/lib/libc++.tbd"; sourceTree = SDKROOT; };
		07BA1D2E1CE87C1F00A92C4B /* libicucore.tbd */ = {isa = PBXFileReference; lastKnownFileType = "sourcecode.text-based-dylib-definition"; name = libicucore.tbd; path = usr/lib/libicucore.tbd; sourceTree = SDKROOT; };
		07BA1D301CE87C2B00A92C4B /* CFNetwork.framework */ = {isa = PBXFileReference; lastKnownFileType = wrapper.framework; name = CFNetwork.framework; path = System/Library/Frameworks/CFNetwork.framework; sourceTree = SDKROOT; };
		07BA1D321CE87C3600A92C4B /* Security.framework */ = {isa = PBXFileReference; lastKnownFileType = wrapper.framework; name = Security.framework; path = System/Library/Frameworks/Security.framework; sourceTree = SDKROOT; };
		07BA1D341CE87C4000A92C4B /* SystemConfiguration.framework */ = {isa = PBXFileReference; lastKnownFileType = wrapper.framework; name = SystemConfiguration.framework; path = System/Library/Frameworks/SystemConfiguration.framework; sourceTree = SDKROOT; };
		07BA1D371CE87C9B00A92C4B /* DataService.swift */ = {isa = PBXFileReference; fileEncoding = 4; lastKnownFileType = sourcecode.swift; path = DataService.swift; sourceTree = "<group>"; };
		07BA1D391CEA806400A92C4B /* AddKidViewController.swift */ = {isa = PBXFileReference; fileEncoding = 4; lastKnownFileType = sourcecode.swift; path = AddKidViewController.swift; sourceTree = "<group>"; };
		07BA1D3D1CEAF02E00A92C4B /* KidCell.swift */ = {isa = PBXFileReference; fileEncoding = 4; lastKnownFileType = sourcecode.swift; path = KidCell.swift; sourceTree = "<group>"; };
		07BA1D3F1CEAF36900A92C4B /* KidCollectionViewController.swift */ = {isa = PBXFileReference; fileEncoding = 4; lastKnownFileType = sourcecode.swift; path = KidCollectionViewController.swift; sourceTree = "<group>"; };
		07BA1D411CEAFC2A00A92C4B /* DMKid.swift */ = {isa = PBXFileReference; fileEncoding = 4; lastKnownFileType = sourcecode.swift; path = DMKid.swift; sourceTree = "<group>"; };
		07BBFF4D1CE6AE5600A2AAEE /* DaycareManager.app */ = {isa = PBXFileReference; explicitFileType = wrapper.application; includeInIndex = 0; path = DaycareManager.app; sourceTree = BUILT_PRODUCTS_DIR; };
		07BBFF501CE6AE5600A2AAEE /* AppDelegate.swift */ = {isa = PBXFileReference; lastKnownFileType = sourcecode.swift; path = AppDelegate.swift; sourceTree = "<group>"; };
		07BBFF521CE6AE5600A2AAEE /* ViewController.swift */ = {isa = PBXFileReference; lastKnownFileType = sourcecode.swift; path = ViewController.swift; sourceTree = "<group>"; };
		07BBFF551CE6AE5600A2AAEE /* Base */ = {isa = PBXFileReference; lastKnownFileType = file.storyboard; name = Base; path = Base.lproj/Main.storyboard; sourceTree = "<group>"; };
		07BBFF571CE6AE5600A2AAEE /* Assets.xcassets */ = {isa = PBXFileReference; lastKnownFileType = folder.assetcatalog; path = Assets.xcassets; sourceTree = "<group>"; };
		07BBFF5A1CE6AE5600A2AAEE /* Base */ = {isa = PBXFileReference; lastKnownFileType = file.storyboard; name = Base; path = Base.lproj/LaunchScreen.storyboard; sourceTree = "<group>"; };
		07BBFF5C1CE6AE5600A2AAEE /* Info.plist */ = {isa = PBXFileReference; lastKnownFileType = text.plist.xml; path = Info.plist; sourceTree = "<group>"; };
		07BBFF671CE6C7E000A2AAEE /* DaycareManager.xcdatamodel */ = {isa = PBXFileReference; lastKnownFileType = wrapper.xcdatamodel; path = DaycareManager.xcdatamodel; sourceTree = "<group>"; };
		07BBFF691CE6C81E00A2AAEE /* CoreData.framework */ = {isa = PBXFileReference; lastKnownFileType = wrapper.framework; name = CoreData.framework; path = System/Library/Frameworks/CoreData.framework; sourceTree = SDKROOT; };
		07BBFF741CE6CFDD00A2AAEE /* Kid+CoreDataProperties.swift */ = {isa = PBXFileReference; fileEncoding = 4; lastKnownFileType = sourcecode.swift; path = "Kid+CoreDataProperties.swift"; sourceTree = "<group>"; };
		07BBFF751CE6CFDD00A2AAEE /* Kid.swift */ = {isa = PBXFileReference; fileEncoding = 4; lastKnownFileType = sourcecode.swift; path = Kid.swift; sourceTree = "<group>"; };
		07BBFF761CE6CFDD00A2AAEE /* Parent+CoreDataProperties.swift */ = {isa = PBXFileReference; fileEncoding = 4; lastKnownFileType = sourcecode.swift; path = "Parent+CoreDataProperties.swift"; sourceTree = "<group>"; };
		07BBFF771CE6CFDD00A2AAEE /* Parent.swift */ = {isa = PBXFileReference; fileEncoding = 4; lastKnownFileType = sourcecode.swift; path = Parent.swift; sourceTree = "<group>"; };
		07BBFF821CE6E96E00A2AAEE /* DMRecord.h */ = {isa = PBXFileReference; fileEncoding = 4; lastKnownFileType = sourcecode.c.h; path = DMRecord.h; sourceTree = "<group>"; };
		07BBFF831CE6E96E00A2AAEE /* DMRecord.m */ = {isa = PBXFileReference; fileEncoding = 4; lastKnownFileType = sourcecode.c.objc; path = DMRecord.m; sourceTree = "<group>"; };
		33208A5A1B70B0923A7D6DA4 /* Pods-DaycareManager.release.xcconfig */ = {isa = PBXFileReference; includeInIndex = 1; lastKnownFileType = text.xcconfig; name = "Pods-DaycareManager.release.xcconfig"; path = "Pods/Target Support Files/Pods-DaycareManager/Pods-DaycareManager.release.xcconfig"; sourceTree = "<group>"; };
		779CE410314EE5630F38F0AD /* Pods-DaycareManager.debug.xcconfig */ = {isa = PBXFileReference; includeInIndex = 1; lastKnownFileType = text.xcconfig; name = "Pods-DaycareManager.debug.xcconfig"; path = "Pods/Target Support Files/Pods-DaycareManager/Pods-DaycareManager.debug.xcconfig"; sourceTree = "<group>"; };
		D8219F72C26384A2ABBFCEEA /* libPods-DaycareManager.a */ = {isa = PBXFileReference; explicitFileType = archive.ar; includeInIndex = 0; path = "libPods-DaycareManager.a"; sourceTree = BUILT_PRODUCTS_DIR; };
/* End PBXFileReference section */

/* Begin PBXFrameworksBuildPhase section */
		07BBFF4A1CE6AE5600A2AAEE /* Frameworks */ = {
			isa = PBXFrameworksBuildPhase;
			buildActionMask = 2147483647;
			files = (
				077014A71CF25A3A0018E2CA /* MobileCoreServices.framework in Frameworks */,
				07BA1D351CE87C4000A92C4B /* SystemConfiguration.framework in Frameworks */,
				07BA1D331CE87C3600A92C4B /* Security.framework in Frameworks */,
				07BA1D311CE87C2B00A92C4B /* CFNetwork.framework in Frameworks */,
				07BA1D2F1CE87C1F00A92C4B /* libicucore.tbd in Frameworks */,
				07BA1D2D1CE87C1100A92C4B /* libc++.tbd in Frameworks */,
				07BA1D191CE838E700A92C4B /* FBSDKCoreKit.framework in Frameworks */,
				07BA1D2B1CE87B9800A92C4B /* Firebase.framework in Frameworks */,
				07BBFF6A1CE6C81E00A2AAEE /* CoreData.framework in Frameworks */,
				07BA1D171CE838E700A92C4B /* FBSDKLoginKit.framework in Frameworks */,
				07BA1D181CE838E700A92C4B /* Bolts.framework in Frameworks */,
				0EEF3F849228D5275D69570A /* libPods-DaycareManager.a in Frameworks */,
			);
			runOnlyForDeploymentPostprocessing = 0;
		};
/* End PBXFrameworksBuildPhase section */

/* Begin PBXGroup section */
		07BA1CF11CE7C5CC00A92C4B /* Resources */ = {
			isa = PBXGroup;
			children = (
				077014A21CF0BC1D0018E2CA /* male-placeholderchecked.png */,
				077014A01CF0BA120018E2CA /* female-placeholderchecked.png */,
				077014941CF0B36B0018E2CA /* female-placeholder.png */,
				077014961CF0B36B0018E2CA /* male-placeholder.png */,
				077014981CF0B36B0018E2CA /* othercheck.png */,
				077014991CF0B36B0018E2CA /* othercheckchecked.png */,
				077014921CF09E240018E2CA /* checkedoutround.png */,
				077014901CF09D050018E2CA /* checkedout.png */,
				0770148E1CF090D40018E2CA /* checkedin.png */,
				07BA1CF21CE7C79C00A92C4B /* NotoSans-Bold.ttf */,
				07BA1CF31CE7C79C00A92C4B /* NotoSans-BoldItalic.ttf */,
				07BA1CF41CE7C79C00A92C4B /* NotoSans-Italic.ttf */,
				07BA1CF51CE7C79C00A92C4B /* NotoSans-Regular.ttf */,
				07BA1CFA1CE7C9F000A92C4B /* fb-icon.png */,
				07BA1CFB1CE7C9F000A92C4B /* logocomplete.png */,
				07BA1CFC1CE7C9F000A92C4B /* logosingle.png */,
				07BA1CFD1CE7C9F000A92C4B /* placeholder-user.png */,
				07BA1CFE1CE7C9F000A92C4B /* thumbsUpE.png */,
				07BA1CFF1CE7C9F000A92C4B /* thumbsUpF.png */,
			);
			name = Resources;
			sourceTree = "<group>";
		};
		07BA1D0A1CE7F5F300A92C4B /* Util */ = {
			isa = PBXGroup;
			children = (
				07BA1D0D1CE7F6C900A92C4B /* Constants.swift */,
			);
			name = Util;
			sourceTree = "<group>";
		};
		07BA1D131CE838B500A92C4B /* Frameworks */ = {
			isa = PBXGroup;
			children = (
				07BA1D2A1CE87B9800A92C4B /* Firebase.framework */,
				07BA1D141CE838E700A92C4B /* FBSDKLoginKit.framework */,
				07BA1D151CE838E700A92C4B /* Bolts.framework */,
				07BA1D161CE838E700A92C4B /* FBSDKCoreKit.framework */,
			);
			name = Frameworks;
			sourceTree = "<group>";
		};
		07BA1D361CE87C7E00A92C4B /* Services */ = {
			isa = PBXGroup;
			children = (
				077014A81CF3B7DA0018E2CA /* ExportManager.swift */,
				07BA1D371CE87C9B00A92C4B /* DataService.swift */,
			);
			name = Services;
			sourceTree = "<group>";
		};
		07BBFF441CE6AE5600A2AAEE = {
			isa = PBXGroup;
			children = (
				07BBFF4F1CE6AE5600A2AAEE /* DaycareManager */,
				07BBFF4E1CE6AE5600A2AAEE /* Products */,
				AD3495C23F2278A9A4F425D6 /* Pods */,
				A41FAB895C63DFD992F4CA27 /* Frameworks */,
			);
			sourceTree = "<group>";
		};
		07BBFF4E1CE6AE5600A2AAEE /* Products */ = {
			isa = PBXGroup;
			children = (
				07BBFF4D1CE6AE5600A2AAEE /* DaycareManager.app */,
			);
			name = Products;
			sourceTree = "<group>";
		};
		07BBFF4F1CE6AE5600A2AAEE /* DaycareManager */ = {
			isa = PBXGroup;
			children = (
				07BA1D361CE87C7E00A92C4B /* Services */,
				07BA1D131CE838B500A92C4B /* Frameworks */,
				07BA1D0A1CE7F5F300A92C4B /* Util */,
				07BA1CF11CE7C5CC00A92C4B /* Resources */,
				07BBFF651CE6C78300A2AAEE /* Views */,
				07BBFF641CE6C77200A2AAEE /* Model */,
				07BBFF631CE6C73900A2AAEE /* Initialization */,
				07BBFF571CE6AE5600A2AAEE /* Assets.xcassets */,
				07BBFF591CE6AE5600A2AAEE /* LaunchScreen.storyboard */,
				07BBFF5C1CE6AE5600A2AAEE /* Info.plist */,
				07BBFF821CE6E96E00A2AAEE /* DMRecord.h */,
				07BBFF831CE6E96E00A2AAEE /* DMRecord.m */,
				07BA1D291CE8796C00A92C4B /* DaycareManager-Bridging-Header.h */,
			);
			path = DaycareManager;
			sourceTree = "<group>";
		};
		07BBFF631CE6C73900A2AAEE /* Initialization */ = {
			isa = PBXGroup;
			children = (
				07BBFF541CE6AE5600A2AAEE /* Main.storyboard */,
				07BBFF501CE6AE5600A2AAEE /* AppDelegate.swift */,
			);
			name = Initialization;
			sourceTree = "<group>";
		};
		07BBFF641CE6C77200A2AAEE /* Model */ = {
			isa = PBXGroup;
			children = (
				07BBFF731CE6CD0900A2AAEE /* Model */,
				07BBFF661CE6C7E000A2AAEE /* DaycareManager.xcdatamodeld */,
				07BA1D411CEAFC2A00A92C4B /* DMKid.swift */,
				077014AA1CF3B8BA0018E2CA /* DMReport.swift */,
			);
			name = Model;
			sourceTree = "<group>";
		};
		07BBFF651CE6C78300A2AAEE /* Views */ = {
			isa = PBXGroup;
			children = (
				07BBFF521CE6AE5600A2AAEE /* ViewController.swift */,
				07BA1D061CE7CE6B00A92C4B /* LoginViewController.swift */,
				07BA1D081CE7EE6100A92C4B /* MaterialView.swift */,
				07BA1D0F1CE806AC00A92C4B /* MaterialButton.swift */,
				07BA1D111CE80B7A00A92C4B /* MaterialTextField.swift */,
				07BA1D391CEA806400A92C4B /* AddKidViewController.swift */,
				07BA1D3D1CEAF02E00A92C4B /* KidCell.swift */,
				07BA1D3F1CEAF36900A92C4B /* KidCollectionViewController.swift */,
				07641DF11CED1370004EB176 /* KidCheckInOutController.swift */,
				077014A41CF0C4E70018E2CA /* OtherCheckRelativeViewController.swift */,
			);
			name = Views;
			sourceTree = "<group>";
		};
		07BBFF731CE6CD0900A2AAEE /* Model */ = {
			isa = PBXGroup;
			children = (
				07BBFF741CE6CFDD00A2AAEE /* Kid+CoreDataProperties.swift */,
				07BBFF751CE6CFDD00A2AAEE /* Kid.swift */,
				07BBFF761CE6CFDD00A2AAEE /* Parent+CoreDataProperties.swift */,
				07BBFF771CE6CFDD00A2AAEE /* Parent.swift */,
			);
			name = Model;
			sourceTree = "<group>";
		};
		A41FAB895C63DFD992F4CA27 /* Frameworks */ = {
			isa = PBXGroup;
			children = (
				077014A61CF25A3A0018E2CA /* MobileCoreServices.framework */,
				07BA1D341CE87C4000A92C4B /* SystemConfiguration.framework */,
				07BA1D321CE87C3600A92C4B /* Security.framework */,
				07BA1D301CE87C2B00A92C4B /* CFNetwork.framework */,
				07BA1D2E1CE87C1F00A92C4B /* libicucore.tbd */,
				07BA1D2C1CE87C1100A92C4B /* libc++.tbd */,
				07BBFF691CE6C81E00A2AAEE /* CoreData.framework */,
				D8219F72C26384A2ABBFCEEA /* libPods-DaycareManager.a */,
			);
			name = Frameworks;
			sourceTree = "<group>";
		};
		AD3495C23F2278A9A4F425D6 /* Pods */ = {
			isa = PBXGroup;
			children = (
				779CE410314EE5630F38F0AD /* Pods-DaycareManager.debug.xcconfig */,
				33208A5A1B70B0923A7D6DA4 /* Pods-DaycareManager.release.xcconfig */,
			);
			name = Pods;
			sourceTree = "<group>";
		};
/* End PBXGroup section */

/* Begin PBXNativeTarget section */
		07BBFF4C1CE6AE5600A2AAEE /* DaycareManager */ = {
			isa = PBXNativeTarget;
			buildConfigurationList = 07BBFF5F1CE6AE5600A2AAEE /* Build configuration list for PBXNativeTarget "DaycareManager" */;
			buildPhases = (
				3F40AF79475AA1F99A8CBDBE /* Check Pods Manifest.lock */,
				07BBFF491CE6AE5600A2AAEE /* Sources */,
				07BBFF4A1CE6AE5600A2AAEE /* Frameworks */,
				07BBFF4B1CE6AE5600A2AAEE /* Resources */,
				70A67153329599E11A973AAF /* Embed Pods Frameworks */,
				8B0467D66CD45BA57AB54BFC /* Copy Pods Resources */,
			);
			buildRules = (
			);
			dependencies = (
			);
			name = DaycareManager;
			productName = DaycareManager;
			productReference = 07BBFF4D1CE6AE5600A2AAEE /* DaycareManager.app */;
			productType = "com.apple.product-type.application";
		};
/* End PBXNativeTarget section */

/* Begin PBXProject section */
		07BBFF451CE6AE5600A2AAEE /* Project object */ = {
			isa = PBXProject;
			attributes = {
				LastSwiftUpdateCheck = 0720;
				LastUpgradeCheck = 0720;
				ORGANIZATIONNAME = "carlos calderon";
				TargetAttributes = {
					07BBFF4C1CE6AE5600A2AAEE = {
						CreatedOnToolsVersion = 7.2.1;
						DevelopmentTeam = 66CK93Z36P;
					};
				};
			};
			buildConfigurationList = 07BBFF481CE6AE5600A2AAEE /* Build configuration list for PBXProject "DaycareManager" */;
			compatibilityVersion = "Xcode 3.2";
			developmentRegion = English;
			hasScannedForEncodings = 0;
			knownRegions = (
				en,
				Base,
			);
			mainGroup = 07BBFF441CE6AE5600A2AAEE;
			productRefGroup = 07BBFF4E1CE6AE5600A2AAEE /* Products */;
			projectDirPath = "";
			projectRoot = "";
			targets = (
				07BBFF4C1CE6AE5600A2AAEE /* DaycareManager */,
			);
		};
/* End PBXProject section */

/* Begin PBXResourcesBuildPhase section */
		07BBFF4B1CE6AE5600A2AAEE /* Resources */ = {
			isa = PBXResourcesBuildPhase;
			buildActionMask = 2147483647;
			files = (
				07BA1CF61CE7C79C00A92C4B /* NotoSans-Bold.ttf in Resources */,
				0770149A1CF0B36B0018E2CA /* female-placeholder.png in Resources */,
				077014911CF09D050018E2CA /* checkedout.png in Resources */,
				077014A11CF0BA120018E2CA /* female-placeholderchecked.png in Resources */,
				07BBFF5B1CE6AE5600A2AAEE /* LaunchScreen.storyboard in Resources */,
				07BA1D051CE7C9F000A92C4B /* thumbsUpF.png in Resources */,
				0770149E1CF0B36B0018E2CA /* othercheck.png in Resources */,
				07BA1D031CE7C9F000A92C4B /* placeholder-user.png in Resources */,
				07BA1D021CE7C9F000A92C4B /* logosingle.png in Resources */,
				07BA1CF71CE7C79C00A92C4B /* NotoSans-BoldItalic.ttf in Resources */,
				07BA1D041CE7C9F000A92C4B /* thumbsUpE.png in Resources */,
				0770149F1CF0B36B0018E2CA /* othercheckchecked.png in Resources */,
				077014A31CF0BC1D0018E2CA /* male-placeholderchecked.png in Resources */,
				07BA1D011CE7C9F000A92C4B /* logocomplete.png in Resources */,
				07BA1CF81CE7C79C00A92C4B /* NotoSans-Italic.ttf in Resources */,
				07BA1D001CE7C9F000A92C4B /* fb-icon.png in Resources */,
				07BBFF581CE6AE5600A2AAEE /* Assets.xcassets in Resources */,
				0770149C1CF0B36B0018E2CA /* male-placeholder.png in Resources */,
				07BBFF561CE6AE5600A2AAEE /* Main.storyboard in Resources */,
				0770148F1CF090D40018E2CA /* checkedin.png in Resources */,
				07BA1CF91CE7C79C00A92C4B /* NotoSans-Regular.ttf in Resources */,
				077014931CF09E240018E2CA /* checkedoutround.png in Resources */,
			);
			runOnlyForDeploymentPostprocessing = 0;
		};
/* End PBXResourcesBuildPhase section */

/* Begin PBXShellScriptBuildPhase section */
		3F40AF79475AA1F99A8CBDBE /* Check Pods Manifest.lock */ = {
			isa = PBXShellScriptBuildPhase;
			buildActionMask = 2147483647;
			files = (
			);
			inputPaths = (
			);
			name = "Check Pods Manifest.lock";
			outputPaths = (
			);
			runOnlyForDeploymentPostprocessing = 0;
			shellPath = /bin/sh;
			shellScript = "diff \"${PODS_ROOT}/../Podfile.lock\" \"${PODS_ROOT}/Manifest.lock\" > /dev/null\nif [[ $? != 0 ]] ; then\n    cat << EOM\nerror: The sandbox is not in sync with the Podfile.lock. Run 'pod install' or update your CocoaPods installation.\nEOM\n    exit 1\nfi\n";
			showEnvVarsInLog = 0;
		};
		70A67153329599E11A973AAF /* Embed Pods Frameworks */ = {
			isa = PBXShellScriptBuildPhase;
			buildActionMask = 2147483647;
			files = (
			);
			inputPaths = (
			);
			name = "Embed Pods Frameworks";
			outputPaths = (
			);
			runOnlyForDeploymentPostprocessing = 0;
			shellPath = /bin/sh;
			shellScript = "\"${SRCROOT}/Pods/Target Support Files/Pods-DaycareManager/Pods-DaycareManager-frameworks.sh\"\n";
			showEnvVarsInLog = 0;
		};
		8B0467D66CD45BA57AB54BFC /* Copy Pods Resources */ = {
			isa = PBXShellScriptBuildPhase;
			buildActionMask = 2147483647;
			files = (
			);
			inputPaths = (
			);
			name = "Copy Pods Resources";
			outputPaths = (
			);
			runOnlyForDeploymentPostprocessing = 0;
			shellPath = /bin/sh;
			shellScript = "\"${SRCROOT}/Pods/Target Support Files/Pods-DaycareManager/Pods-DaycareManager-resources.sh\"\n";
			showEnvVarsInLog = 0;
		};
/* End PBXShellScriptBuildPhase section */

/* Begin PBXSourcesBuildPhase section */
		07BBFF491CE6AE5600A2AAEE /* Sources */ = {
			isa = PBXSourcesBuildPhase;
			buildActionMask = 2147483647;
			files = (
				07BA1D071CE7CE6B00A92C4B /* LoginViewController.swift in Sources */,
				07BA1D381CE87C9B00A92C4B /* DataService.swift in Sources */,
				07BA1D0E1CE7F6C900A92C4B /* Constants.swift in Sources */,
				07641DF21CED1370004EB176 /* KidCheckInOutController.swift in Sources */,
				07BA1D101CE806AC00A92C4B /* MaterialButton.swift in Sources */,
				077014A91CF3B7DA0018E2CA /* ExportManager.swift in Sources */,
				07BA1D401CEAF36900A92C4B /* KidCollectionViewController.swift in Sources */,
				07BA1D3E1CEAF02E00A92C4B /* KidCell.swift in Sources */,
				07BBFF531CE6AE5600A2AAEE /* ViewController.swift in Sources */,
				07BBFF791CE6CFDD00A2AAEE /* Kid.swift in Sources */,
				07BBFF681CE6C7E000A2AAEE /* DaycareManager.xcdatamodeld in Sources */,
				07BBFF7A1CE6CFDD00A2AAEE /* Parent+CoreDataProperties.swift in Sources */,
				07BBFF781CE6CFDD00A2AAEE /* Kid+CoreDataProperties.swift in Sources */,
				07BBFF841CE6E96E00A2AAEE /* DMRecord.m in Sources */,
				077014AB1CF3B8BA0018E2CA /* DMReport.swift in Sources */,
				07BA1D091CE7EE6100A92C4B /* MaterialView.swift in Sources */,
				07BA1D121CE80B7A00A92C4B /* MaterialTextField.swift in Sources */,
				07BBFF511CE6AE5600A2AAEE /* AppDelegate.swift in Sources */,
				077014A51CF0C4E70018E2CA /* OtherCheckRelativeViewController.swift in Sources */,
				07BA1D421CEAFC2A00A92C4B /* DMKid.swift in Sources */,
				07BA1D3A1CEA806400A92C4B /* AddKidViewController.swift in Sources */,
				07BBFF7B1CE6CFDD00A2AAEE /* Parent.swift in Sources */,
			);
			runOnlyForDeploymentPostprocessing = 0;
		};
/* End PBXSourcesBuildPhase section */

/* Begin PBXVariantGroup section */
		07BBFF541CE6AE5600A2AAEE /* Main.storyboard */ = {
			isa = PBXVariantGroup;
			children = (
				07BBFF551CE6AE5600A2AAEE /* Base */,
			);
			name = Main.storyboard;
			sourceTree = "<group>";
		};
		07BBFF591CE6AE5600A2AAEE /* LaunchScreen.storyboard */ = {
			isa = PBXVariantGroup;
			children = (
				07BBFF5A1CE6AE5600A2AAEE /* Base */,
			);
			name = LaunchScreen.storyboard;
			sourceTree = "<group>";
		};
/* End PBXVariantGroup section */

/* Begin XCBuildConfiguration section */
		07BBFF5D1CE6AE5600A2AAEE /* Debug */ = {
			isa = XCBuildConfiguration;
			buildSettings = {
				ALWAYS_SEARCH_USER_PATHS = NO;
				CLANG_CXX_LANGUAGE_STANDARD = "gnu++0x";
				CLANG_CXX_LIBRARY = "libc++";
				CLANG_ENABLE_MODULES = YES;
				CLANG_ENABLE_OBJC_ARC = YES;
				CLANG_WARN_BOOL_CONVERSION = YES;
				CLANG_WARN_CONSTANT_CONVERSION = YES;
				CLANG_WARN_DIRECT_OBJC_ISA_USAGE = YES_ERROR;
				CLANG_WARN_EMPTY_BODY = YES;
				CLANG_WARN_ENUM_CONVERSION = YES;
				CLANG_WARN_INT_CONVERSION = YES;
				CLANG_WARN_OBJC_ROOT_CLASS = YES_ERROR;
				CLANG_WARN_UNREACHABLE_CODE = YES;
				CLANG_WARN__DUPLICATE_METHOD_MATCH = YES;
				"CODE_SIGN_IDENTITY[sdk=iphoneos*]" = "iPhone Developer";
				COPY_PHASE_STRIP = NO;
				DEBUG_INFORMATION_FORMAT = dwarf;
				ENABLE_STRICT_OBJC_MSGSEND = YES;
				ENABLE_TESTABILITY = YES;
				GCC_C_LANGUAGE_STANDARD = gnu99;
				GCC_DYNAMIC_NO_PIC = NO;
				GCC_NO_COMMON_BLOCKS = YES;
				GCC_OPTIMIZATION_LEVEL = 0;
				GCC_PREPROCESSOR_DEFINITIONS = (
					"DEBUG=1",
					"$(inherited)",
				);
				GCC_WARN_64_TO_32_BIT_CONVERSION = YES;
				GCC_WARN_ABOUT_RETURN_TYPE = YES_ERROR;
				GCC_WARN_UNDECLARED_SELECTOR = YES;
				GCC_WARN_UNINITIALIZED_AUTOS = YES_AGGRESSIVE;
				GCC_WARN_UNUSED_FUNCTION = YES;
				GCC_WARN_UNUSED_VARIABLE = YES;
				IPHONEOS_DEPLOYMENT_TARGET = 9.2;
				MTL_ENABLE_DEBUG_INFO = YES;
				ONLY_ACTIVE_ARCH = YES;
				SDKROOT = iphoneos;
				SWIFT_OBJC_BRIDGING_HEADER = "DaycareManager-Bridging-Header.h";
				SWIFT_OPTIMIZATION_LEVEL = "-Onone";
			};
			name = Debug;
		};
		07BBFF5E1CE6AE5600A2AAEE /* Release */ = {
			isa = XCBuildConfiguration;
			buildSettings = {
				ALWAYS_SEARCH_USER_PATHS = NO;
				CLANG_CXX_LANGUAGE_STANDARD = "gnu++0x";
				CLANG_CXX_LIBRARY = "libc++";
				CLANG_ENABLE_MODULES = YES;
				CLANG_ENABLE_OBJC_ARC = YES;
				CLANG_WARN_BOOL_CONVERSION = YES;
				CLANG_WARN_CONSTANT_CONVERSION = YES;
				CLANG_WARN_DIRECT_OBJC_ISA_USAGE = YES_ERROR;
				CLANG_WARN_EMPTY_BODY = YES;
				CLANG_WARN_ENUM_CONVERSION = YES;
				CLANG_WARN_INT_CONVERSION = YES;
				CLANG_WARN_OBJC_ROOT_CLASS = YES_ERROR;
				CLANG_WARN_UNREACHABLE_CODE = YES;
				CLANG_WARN__DUPLICATE_METHOD_MATCH = YES;
				"CODE_SIGN_IDENTITY[sdk=iphoneos*]" = "iPhone Developer";
				COPY_PHASE_STRIP = NO;
				DEBUG_INFORMATION_FORMAT = "dwarf-with-dsym";
				ENABLE_NS_ASSERTIONS = NO;
				ENABLE_STRICT_OBJC_MSGSEND = YES;
				GCC_C_LANGUAGE_STANDARD = gnu99;
				GCC_NO_COMMON_BLOCKS = YES;
				GCC_WARN_64_TO_32_BIT_CONVERSION = YES;
				GCC_WARN_ABOUT_RETURN_TYPE = YES_ERROR;
				GCC_WARN_UNDECLARED_SELECTOR = YES;
				GCC_WARN_UNINITIALIZED_AUTOS = YES_AGGRESSIVE;
				GCC_WARN_UNUSED_FUNCTION = YES;
				GCC_WARN_UNUSED_VARIABLE = YES;
				IPHONEOS_DEPLOYMENT_TARGET = 9.2;
				MTL_ENABLE_DEBUG_INFO = NO;
				SDKROOT = iphoneos;
				SWIFT_OBJC_BRIDGING_HEADER = "DaycareManager-Bridging-Header.h";
				VALIDATE_PRODUCT = YES;
			};
			name = Release;
		};
		07BBFF601CE6AE5600A2AAEE /* Debug */ = {
			isa = XCBuildConfiguration;
			baseConfigurationReference = 779CE410314EE5630F38F0AD /* Pods-DaycareManager.debug.xcconfig */;
			buildSettings = {
				ASSETCATALOG_COMPILER_APPICON_NAME = AppIcon;
				CLANG_ENABLE_MODULES = YES;
				CODE_SIGN_IDENTITY = "iPhone Developer";
				"CODE_SIGN_IDENTITY[sdk=iphoneos*]" = "iPhone Developer";
				ENABLE_BITCODE = YES;
				FRAMEWORK_SEARCH_PATHS = (
					"$(inherited)",
					"$(PROJECT_DIR)/DaycareManager",
				);
				GCC_NO_COMMON_BLOCKS = NO;
				INFOPLIST_FILE = DaycareManager/Info.plist;
				LD_RUNPATH_SEARCH_PATHS = "$(inherited) @executable_path/Frameworks";
				PRODUCT_BUNDLE_IDENTIFIER = com.constructisystems.carlos.DaycareManager;
				PRODUCT_NAME = "$(TARGET_NAME)";
				PROVISIONING_PROFILE = "";
				SWIFT_OBJC_BRIDGING_HEADER = "DaycareManager/DaycareManager-Bridging-Header.h";
				SWIFT_OPTIMIZATION_LEVEL = "-Onone";
			};
			name = Debug;
		};
		07BBFF611CE6AE5600A2AAEE /* Release */ = {
			isa = XCBuildConfiguration;
			baseConfigurationReference = 33208A5A1B70B0923A7D6DA4 /* Pods-DaycareManager.release.xcconfig */;
			buildSettings = {
				ASSETCATALOG_COMPILER_APPICON_NAME = AppIcon;
				CLANG_ENABLE_MODULES = YES;
				CODE_SIGN_IDENTITY = "iPhone Developer";
				"CODE_SIGN_IDENTITY[sdk=iphoneos*]" = "iPhone Developer";
				ENABLE_BITCODE = YES;
				FRAMEWORK_SEARCH_PATHS = (
					"$(inherited)",
					"$(PROJECT_DIR)/DaycareManager",
				);
				GCC_NO_COMMON_BLOCKS = NO;
				INFOPLIST_FILE = DaycareManager/Info.plist;
				LD_RUNPATH_SEARCH_PATHS = "$(inherited) @executable_path/Frameworks";
				PRODUCT_BUNDLE_IDENTIFIER = com.constructisystems.carlos.DaycareManager;
				PRODUCT_NAME = "$(TARGET_NAME)";
				PROVISIONING_PROFILE = "";
				SWIFT_OBJC_BRIDGING_HEADER = "DaycareManager/DaycareManager-Bridging-Header.h";
			};
			name = Release;
		};
/* End XCBuildConfiguration section */

/* Begin XCConfigurationList section */
		07BBFF481CE6AE5600A2AAEE /* Build configuration list for PBXProject "DaycareManager" */ = {
			isa = XCConfigurationList;
			buildConfigurations = (
				07BBFF5D1CE6AE5600A2AAEE /* Debug */,
				07BBFF5E1CE6AE5600A2AAEE /* Release */,
			);
			defaultConfigurationIsVisible = 0;
			defaultConfigurationName = Release;
		};
		07BBFF5F1CE6AE5600A2AAEE /* Build configuration list for PBXNativeTarget "DaycareManager" */ = {
			isa = XCConfigurationList;
			buildConfigurations = (
				07BBFF601CE6AE5600A2AAEE /* Debug */,
				07BBFF611CE6AE5600A2AAEE /* Release */,
			);
			defaultConfigurationIsVisible = 0;
			defaultConfigurationName = Release;
		};
/* End XCConfigurationList section */

/* Begin XCVersionGroup section */
		07BBFF661CE6C7E000A2AAEE /* DaycareManager.xcdatamodeld */ = {
			isa = XCVersionGroup;
			children = (
				07BBFF671CE6C7E000A2AAEE /* DaycareManager.xcdatamodel */,
			);
			currentVersion = 07BBFF671CE6C7E000A2AAEE /* DaycareManager.xcdatamodel */;
			path = DaycareManager.xcdatamodeld;
			sourceTree = "<group>";
			versionGroupType = wrapper.xcdatamodel;
		};
/* End XCVersionGroup section */
	};
	rootObject = 07BBFF451CE6AE5600A2AAEE /* Project object */;
}
