// !$*UTF8*$!
{
	archiveVersion = 1;
	classes = {
	};
	objectVersion = 46;
	objects = {

/* Begin PBXBuildFile section */
		07BBFF511CE6AE5600A2AAEE /* AppDelegate.swift in Sources */ = {isa = PBXBuildFile; fileRef = 07BBFF501CE6AE5600A2AAEE /* AppDelegate.swift */; };
		07BBFF531CE6AE5600A2AAEE /* ViewController.swift in Sources */ = {isa = PBXBuildFile; fileRef = 07BBFF521CE6AE5600A2AAEE /* ViewController.swift */; };
		07BBFF561CE6AE5600A2AAEE /* Main.storyboard in Resources */ = {isa = PBXBuildFile; fileRef = 07BBFF541CE6AE5600A2AAEE /* Main.storyboard */; };
		07BBFF581CE6AE5600A2AAEE /* Assets.xcassets in Resources */ = {isa = PBXBuildFile; fileRef = 07BBFF571CE6AE5600A2AAEE /* Assets.xcassets */; };
		07BBFF5B1CE6AE5600A2AAEE /* LaunchScreen.storyboard in Resources */ = {isa = PBXBuildFile; fileRef = 07BBFF591CE6AE5600A2AAEE /* LaunchScreen.storyboard */; };
/* End PBXBuildFile section */

/* Begin PBXFileReference section */
		07BBFF4D1CE6AE5600A2AAEE /* DaycareManager.app */ = {isa = PBXFileReference; explicitFileType = wrapper.application; includeInIndex = 0; path = DaycareManager.app; sourceTree = BUILT_PRODUCTS_DIR; };
		07BBFF501CE6AE5600A2AAEE /* AppDelegate.swift */ = {isa = PBXFileReference; lastKnownFileType = sourcecode.swift; path = AppDelegate.swift; sourceTree = "<group>"; };
		07BBFF521CE6AE5600A2AAEE /* ViewController.swift */ = {isa = PBXFileReference; lastKnownFileType = sourcecode.swift; path = ViewController.swift; sourceTree = "<group>"; };
		07BBFF551CE6AE5600A2AAEE /* Base */ = {isa = PBXFileReference; lastKnownFileType = file.storyboard; name = Base; path = Base.lproj/Main.storyboard; sourceTree = "<group>"; };
		07BBFF571CE6AE5600A2AAEE /* Assets.xcassets */ = {isa = PBXFileReference; lastKnownFileType = folder.assetcatalog; path = Assets.xcassets; sourceTree = "<group>"; };
		07BBFF5A1CE6AE5600A2AAEE /* Base */ = {isa = PBXFileReference; lastKnownFileType = file.storyboard; name = Base; path = Base.lproj/LaunchScreen.storyboard; sourceTree = "<group>"; };
		07BBFF5C1CE6AE5600A2AAEE /* Info.plist */ = {isa = PBXFileReference; lastKnownFileType = text.plist.xml; path = Info.plist; sourceTree = "<group>"; };
/* End PBXFileReference section */

/* Begin PBXFrameworksBuildPhase section */
		07BBFF4A1CE6AE5600A2AAEE /* Frameworks */ = {
			isa = PBXFrameworksBuildPhase;
			buildActionMask = 2147483647;
			files = (
			);
			runOnlyForDeploymentPostprocessing = 0;
		};
/* End PBXFrameworksBuildPhase section */

/* Begin PBXGroup section */
		07BBFF441CE6AE5600A2AAEE = {
			isa = PBXGroup;
			children = (
				07BBFF4F1CE6AE5600A2AAEE /* DaycareManager */,
				07BBFF4E1CE6AE5600A2AAEE /* Products */,
			);
			sourceTree = "<group>";
		};
		07BBFF4E1CE6AE5600A2AAEE /* Products */ = {
			isa = PBXGroup;
			children = (
				07BBFF4D1CE6AE5600A2AAEE /* DaycareManager.app */,
			);
			name = Products;
			sourceTree = "<group>";
		};
		07BBFF4F1CE6AE5600A2AAEE /* DaycareManager */ = {
			isa = PBXGroup;
			children = (
				07BBFF501CE6AE5600A2AAEE /* AppDelegate.swift */,
				07BBFF521CE6AE5600A2AAEE /* ViewController.swift */,
				07BBFF541CE6AE5600A2AAEE /* Main.storyboard */,
				07BBFF571CE6AE5600A2AAEE /* Assets.xcassets */,
				07BBFF591CE6AE5600A2AAEE /* LaunchScreen.storyboard */,
				07BBFF5C1CE6AE5600A2AAEE /* Info.plist */,
			);
			path = DaycareManager;
			sourceTree = "<group>";
		};
/* End PBXGroup section */

/* Begin PBXNativeTarget section */
		07BBFF4C1CE6AE5600A2AAEE /* DaycareManager */ = {
			isa = PBXNativeTarget;
			buildConfigurationList = 07BBFF5F1CE6AE5600A2AAEE /* Build configuration list for PBXNativeTarget "DaycareManager" */;
			buildPhases = (
				07BBFF491CE6AE5600A2AAEE /* Sources */,
				07BBFF4A1CE6AE5600A2AAEE /* Frameworks */,
				07BBFF4B1CE6AE5600A2AAEE /* Resources */,
			);
			buildRules = (
			);
			dependencies = (
			);
			name = DaycareManager;
			productName = DaycareManager;
			productReference = 07BBFF4D1CE6AE5600A2AAEE /* DaycareManager.app */;
			productType = "com.apple.product-type.application";
		};
/* End PBXNativeTarget section */

/* Begin PBXProject section */
		07BBFF451CE6AE5600A2AAEE /* Project object */ = {
			isa = PBXProject;
			attributes = {
				LastSwiftUpdateCheck = 0720;
				LastUpgradeCheck = 0720;
				ORGANIZATIONNAME = "carlos calderon";
				TargetAttributes = {
					07BBFF4C1CE6AE5600A2AAEE = {
						CreatedOnToolsVersion = 7.2.1;
					};
				};
			};
			buildConfigurationList = 07BBFF481CE6AE5600A2AAEE /* Build configuration list for PBXProject "DaycareManager" */;
			compatibilityVersion = "Xcode 3.2";
			developmentRegion = English;
			hasScannedForEncodings = 0;
			knownRegions = (
				en,
				Base,
			);
			mainGroup = 07BBFF441CE6AE5600A2AAEE;
			productRefGroup = 07BBFF4E1CE6AE5600A2AAEE /* Products */;
			projectDirPath = "";
			projectRoot = "";
			targets = (
				07BBFF4C1CE6AE5600A2AAEE /* DaycareManager */,
			);
		};
/* End PBXProject section */

/* Begin PBXResourcesBuildPhase section */
		07BBFF4B1CE6AE5600A2AAEE /* Resources */ = {
			isa = PBXResourcesBuildPhase;
			buildActionMask = 2147483647;
			files = (
				07BBFF5B1CE6AE5600A2AAEE /* LaunchScreen.storyboard in Resources */,
				07BBFF581CE6AE5600A2AAEE /* Assets.xcassets in Resources */,
				07BBFF561CE6AE5600A2AAEE /* Main.storyboard in Resources */,
			);
			runOnlyForDeploymentPostprocessing = 0;
		};
/* End PBXResourcesBuildPhase section */

/* Begin PBXSourcesBuildPhase section */
		07BBFF491CE6AE5600A2AAEE /* Sources */ = {
			isa = PBXSourcesBuildPhase;
			buildActionMask = 2147483647;
			files = (
				07BBFF531CE6AE5600A2AAEE /* ViewController.swift in Sources */,
				07BBFF511CE6AE5600A2AAEE /* AppDelegate.swift in Sources */,
			);
			runOnlyForDeploymentPostprocessing = 0;
		};
/* End PBXSourcesBuildPhase section */

/* Begin PBXVariantGroup section */
		07BBFF541CE6AE5600A2AAEE /* Main.storyboard */ = {
			isa = PBXVariantGroup;
			children = (
				07BBFF551CE6AE5600A2AAEE /* Base */,
			);
			name = Main.storyboard;
			sourceTree = "<group>";
		};
		07BBFF591CE6AE5600A2AAEE /* LaunchScreen.storyboard */ = {
			isa = PBXVariantGroup;
			children = (
				07BBFF5A1CE6AE5600A2AAEE /* Base */,
			);
			name = LaunchScreen.storyboard;
			sourceTree = "<group>";
		};
/* End PBXVariantGroup section */

/* Begin XCBuildConfiguration section */
		07BBFF5D1CE6AE5600A2AAEE /* Debug */ = {
			isa = XCBuildConfiguration;
			buildSettings = {
				ALWAYS_SEARCH_USER_PATHS = NO;
				CLANG_CXX_LANGUAGE_STANDARD = "gnu++0x";
				CLANG_CXX_LIBRARY = "libc++";
				CLANG_ENABLE_MODULES = YES;
				CLANG_ENABLE_OBJC_ARC = YES;
				CLANG_WARN_BOOL_CONVERSION = YES;
				CLANG_WARN_CONSTANT_CONVERSION = YES;
				CLANG_WARN_DIRECT_OBJC_ISA_USAGE = YES_ERROR;
				CLANG_WARN_EMPTY_BODY = YES;
				CLANG_WARN_ENUM_CONVERSION = YES;
				CLANG_WARN_INT_CONVERSION = YES;
				CLANG_WARN_OBJC_ROOT_CLASS = YES_ERROR;
				CLANG_WARN_UNREACHABLE_CODE = YES;
				CLANG_WARN__DUPLICATE_METHOD_MATCH = YES;
				"CODE_SIGN_IDENTITY[sdk=iphoneos*]" = "iPhone Developer";
				COPY_PHASE_STRIP = NO;
				DEBUG_INFORMATION_FORMAT = dwarf;
				ENABLE_STRICT_OBJC_MSGSEND = YES;
				ENABLE_TESTABILITY = YES;
				GCC_C_LANGUAGE_STANDARD = gnu99;
				GCC_DYNAMIC_NO_PIC = NO;
				GCC_NO_COMMON_BLOCKS = YES;
				GCC_OPTIMIZATION_LEVEL = 0;
				GCC_PREPROCESSOR_DEFINITIONS = (
					"DEBUG=1",
					"$(inherited)",
				);
				GCC_WARN_64_TO_32_BIT_CONVERSION = YES;
				GCC_WARN_ABOUT_RETURN_TYPE = YES_ERROR;
				GCC_WARN_UNDECLARED_SELECTOR = YES;
				GCC_WARN_UNINITIALIZED_AUTOS = YES_AGGRESSIVE;
				GCC_WARN_UNUSED_FUNCTION = YES;
				GCC_WARN_UNUSED_VARIABLE = YES;
				IPHONEOS_DEPLOYMENT_TARGET = 9.2;
				MTL_ENABLE_DEBUG_INFO = YES;
				ONLY_ACTIVE_ARCH = YES;
				SDKROOT = iphoneos;
				SWIFT_OPTIMIZATION_LEVEL = "-Onone";
			};
			name = Debug;
		};
		07BBFF5E1CE6AE5600A2AAEE /* Release */ = {
			isa = XCBuildConfiguration;
			buildSettings = {
				ALWAYS_SEARCH_USER_PATHS = NO;
				CLANG_CXX_LANGUAGE_STANDARD = "gnu++0x";
				CLANG_CXX_LIBRARY = "libc++";
				CLANG_ENABLE_MODULES = YES;
				CLANG_ENABLE_OBJC_ARC = YES;
				CLANG_WARN_BOOL_CONVERSION = YES;
				CLANG_WARN_CONSTANT_CONVERSION = YES;
				CLANG_WARN_DIRECT_OBJC_ISA_USAGE = YES_ERROR;
				CLANG_WARN_EMPTY_BODY = YES;
				CLANG_WARN_ENUM_CONVERSION = YES;
				CLANG_WARN_INT_CONVERSION = YES;
				CLANG_WARN_OBJC_ROOT_CLASS = YES_ERROR;
				CLANG_WARN_UNREACHABLE_CODE = YES;
				CLANG_WARN__DUPLICATE_METHOD_MATCH = YES;
				"CODE_SIGN_IDENTITY[sdk=iphoneos*]" = "iPhone Developer";
				COPY_PHASE_STRIP = NO;
				DEBUG_INFORMATION_FORMAT = "dwarf-with-dsym";
				ENABLE_NS_ASSERTIONS = NO;
				ENABLE_STRICT_OBJC_MSGSEND = YES;
				GCC_C_LANGUAGE_STANDARD = gnu99;
				GCC_NO_COMMON_BLOCKS = YES;
				GCC_WARN_64_TO_32_BIT_CONVERSION = YES;
				GCC_WARN_ABOUT_RETURN_TYPE = YES_ERROR;
				GCC_WARN_UNDECLARED_SELECTOR = YES;
				GCC_WARN_UNINITIALIZED_AUTOS = YES_AGGRESSIVE;
				GCC_WARN_UNUSED_FUNCTION = YES;
				GCC_WARN_UNUSED_VARIABLE = YES;
				IPHONEOS_DEPLOYMENT_TARGET = 9.2;
				MTL_ENABLE_DEBUG_INFO = NO;
				SDKROOT = iphoneos;
				VALIDATE_PRODUCT = YES;
			};
			name = Release;
		};
		07BBFF601CE6AE5600A2AAEE /* Debug */ = {
			isa = XCBuildConfiguration;
			buildSettings = {
				ASSETCATALOG_COMPILER_APPICON_NAME = AppIcon;
				INFOPLIST_FILE = DaycareManager/Info.plist;
				LD_RUNPATH_SEARCH_PATHS = "$(inherited) @executable_path/Frameworks";
				PRODUCT_BUNDLE_IDENTIFIER = com.constructisystems.carlos.DaycareManager;
				PRODUCT_NAME = "$(TARGET_NAME)";
			};
			name = Debug;
		};
		07BBFF611CE6AE5600A2AAEE /* Release */ = {
			isa = XCBuildConfiguration;
			buildSettings = {
				ASSETCATALOG_COMPILER_APPICON_NAME = AppIcon;
				INFOPLIST_FILE = DaycareManager/Info.plist;
				LD_RUNPATH_SEARCH_PATHS = "$(inherited) @executable_path/Frameworks";
				PRODUCT_BUNDLE_IDENTIFIER = com.constructisystems.carlos.DaycareManager;
				PRODUCT_NAME = "$(TARGET_NAME)";
			};
			name = Release;
		};
/* End XCBuildConfiguration section */

/* Begin XCConfigurationList section */
		07BBFF481CE6AE5600A2AAEE /* Build configuration list for PBXProject "DaycareManager" */ = {
			isa = XCConfigurationList;
			buildConfigurations = (
				07BBFF5D1CE6AE5600A2AAEE /* Debug */,
				07BBFF5E1CE6AE5600A2AAEE /* Release */,
			);
			defaultConfigurationIsVisible = 0;
			defaultConfigurationName = Release;
		};
		07BBFF5F1CE6AE5600A2AAEE /* Build configuration list for PBXNativeTarget "DaycareManager" */ = {
			isa = XCConfigurationList;
			buildConfigurations = (
				07BBFF601CE6AE5600A2AAEE /* Debug */,
				07BBFF611CE6AE5600A2AAEE /* Release */,
			);
			defaultConfigurationIsVisible = 0;
		};
/* End XCConfigurationList section */
	};
	rootObject = 07BBFF451CE6AE5600A2AAEE /* Project object */;
}
